// !$*UTF8*$!
{
	archiveVersion = 1;
	classes = {
	};
	objectVersion = 46;
	objects = {

/* Begin PBXBuildFile section */
		62CB71AE1BD72CF7002072D3 /* main.m in Sources */ = {isa = PBXBuildFile; fileRef = 62CB71AD1BD72CF7002072D3 /* main.m */; };
		62CB71B11BD72CF7002072D3 /* AppDelegate.m in Sources */ = {isa = PBXBuildFile; fileRef = 62CB71B01BD72CF7002072D3 /* AppDelegate.m */; };
		62CB71B41BD72CF7002072D3 /* ViewController.m in Sources */ = {isa = PBXBuildFile; fileRef = 62CB71B31BD72CF7002072D3 /* ViewController.m */; };
		62CB71B71BD72CF7002072D3 /* Main.storyboard in Resources */ = {isa = PBXBuildFile; fileRef = 62CB71B51BD72CF7002072D3 /* Main.storyboard */; };
		62CB71B91BD72CF7002072D3 /* Assets.xcassets in Resources */ = {isa = PBXBuildFile; fileRef = 62CB71B81BD72CF7002072D3 /* Assets.xcassets */; };
		62CB71BC1BD72CF7002072D3 /* LaunchScreen.storyboard in Resources */ = {isa = PBXBuildFile; fileRef = 62CB71BA1BD72CF7002072D3 /* LaunchScreen.storyboard */; };
		62CB71C71BD72CF7002072D3 /* FISTimerForNewBTests.m in Sources */ = {isa = PBXBuildFile; fileRef = 62CB71C61BD72CF7002072D3 /* FISTimerForNewBTests.m */; };
		62CB71D21BD72CF7002072D3 /* FISTimerForNewBUITests.m in Sources */ = {isa = PBXBuildFile; fileRef = 62CB71D11BD72CF7002072D3 /* FISTimerForNewBUITests.m */; };
/* End PBXBuildFile section */

/* Begin PBXContainerItemProxy section */
		62CB71C31BD72CF7002072D3 /* PBXContainerItemProxy */ = {
			isa = PBXContainerItemProxy;
			containerPortal = 62CB71A11BD72CF6002072D3 /* Project object */;
			proxyType = 1;
			remoteGlobalIDString = 62CB71A81BD72CF7002072D3;
			remoteInfo = FISTimerForNewB;
		};
		62CB71CE1BD72CF7002072D3 /* PBXContainerItemProxy */ = {
			isa = PBXContainerItemProxy;
			containerPortal = 62CB71A11BD72CF6002072D3 /* Project object */;
			proxyType = 1;
			remoteGlobalIDString = 62CB71A81BD72CF7002072D3;
			remoteInfo = FISTimerForNewB;
		};
/* End PBXContainerItemProxy section */

/* Begin PBXFileReference section */
		62CB71A91BD72CF7002072D3 /* FISTimerForNewB.app */ = {isa = PBXFileReference; explicitFileType = wrapper.application; includeInIndex = 0; path = FISTimerForNewB.app; sourceTree = BUILT_PRODUCTS_DIR; };
		62CB71AD1BD72CF7002072D3 /* main.m */ = {isa = PBXFileReference; lastKnownFileType = sourcecode.c.objc; path = main.m; sourceTree = "<group>"; };
		62CB71AF1BD72CF7002072D3 /* AppDelegate.h */ = {isa = PBXFileReference; lastKnownFileType = sourcecode.c.h; path = AppDelegate.h; sourceTree = "<group>"; };
		62CB71B01BD72CF7002072D3 /* AppDelegate.m */ = {isa = PBXFileReference; lastKnownFileType = sourcecode.c.objc; path = AppDelegate.m; sourceTree = "<group>"; };
		62CB71B21BD72CF7002072D3 /* ViewController.h */ = {isa = PBXFileReference; lastKnownFileType = sourcecode.c.h; path = ViewController.h; sourceTree = "<group>"; };
		62CB71B31BD72CF7002072D3 /* ViewController.m */ = {isa = PBXFileReference; lastKnownFileType = sourcecode.c.objc; path = ViewController.m; sourceTree = "<group>"; };
		62CB71B61BD72CF7002072D3 /* Base */ = {isa = PBXFileReference; lastKnownFileType = file.storyboard; name = Base; path = Base.lproj/Main.storyboard; sourceTree = "<group>"; };
		62CB71B81BD72CF7002072D3 /* Assets.xcassets */ = {isa = PBXFileReference; lastKnownFileType = folder.assetcatalog; path = Assets.xcassets; sourceTree = "<group>"; };
		62CB71BB1BD72CF7002072D3 /* Base */ = {isa = PBXFileReference; lastKnownFileType = file.storyboard; name = Base; path = Base.lproj/LaunchScreen.storyboard; sourceTree = "<group>"; };
		62CB71BD1BD72CF7002072D3 /* Info.plist */ = {isa = PBXFileReference; lastKnownFileType = text.plist.xml; path = Info.plist; sourceTree = "<group>"; };
		62CB71C21BD72CF7002072D3 /* FISTimerForNewBTests.xctest */ = {isa = PBXFileReference; explicitFileType = wrapper.cfbundle; includeInIndex = 0; path = FISTimerForNewBTests.xctest; sourceTree = BUILT_PRODUCTS_DIR; };
		62CB71C61BD72CF7002072D3 /* FISTimerForNewBTests.m */ = {isa = PBXFileReference; lastKnownFileType = sourcecode.c.objc; path = FISTimerForNewBTests.m; sourceTree = "<group>"; };
		62CB71C81BD72CF7002072D3 /* Info.plist */ = {isa = PBXFileReference; lastKnownFileType = text.plist.xml; path = Info.plist; sourceTree = "<group>"; };
		62CB71CD1BD72CF7002072D3 /* FISTimerForNewBUITests.xctest */ = {isa = PBXFileReference; explicitFileType = wrapper.cfbundle; includeInIndex = 0; path = FISTimerForNewBUITests.xctest; sourceTree = BUILT_PRODUCTS_DIR; };
		62CB71D11BD72CF7002072D3 /* FISTimerForNewBUITests.m */ = {isa = PBXFileReference; lastKnownFileType = sourcecode.c.objc; path = FISTimerForNewBUITests.m; sourceTree = "<group>"; };
		62CB71D31BD72CF7002072D3 /* Info.plist */ = {isa = PBXFileReference; lastKnownFileType = text.plist.xml; path = Info.plist; sourceTree = "<group>"; };
/* End PBXFileReference section */

/* Begin PBXFrameworksBuildPhase section */
		62CB71A61BD72CF7002072D3 /* Frameworks */ = {
			isa = PBXFrameworksBuildPhase;
			buildActionMask = 2147483647;
			files = (
			);
			runOnlyForDeploymentPostprocessing = 0;
		};
		62CB71BF1BD72CF7002072D3 /* Frameworks */ = {
			isa = PBXFrameworksBuildPhase;
			buildActionMask = 2147483647;
			files = (
			);
			runOnlyForDeploymentPostprocessing = 0;
		};
		62CB71CA1BD72CF7002072D3 /* Frameworks */ = {
			isa = PBXFrameworksBuildPhase;
			buildActionMask = 2147483647;
			files = (
			);
			runOnlyForDeploymentPostprocessing = 0;
		};
/* End PBXFrameworksBuildPhase section */

/* Begin PBXGroup section */
		62CB71A01BD72CF6002072D3 = {
			isa = PBXGroup;
			children = (
				62CB71AB1BD72CF7002072D3 /* FISTimerForNewB */,
				62CB71C51BD72CF7002072D3 /* FISTimerForNewBTests */,
				62CB71D01BD72CF7002072D3 /* FISTimerForNewBUITests */,
				62CB71AA1BD72CF7002072D3 /* Products */,
			);
			sourceTree = "<group>";
		};
		62CB71AA1BD72CF7002072D3 /* Products */ = {
			isa = PBXGroup;
			children = (
				62CB71A91BD72CF7002072D3 /* FISTimerForNewB.app */,
				62CB71C21BD72CF7002072D3 /* FISTimerForNewBTests.xctest */,
				62CB71CD1BD72CF7002072D3 /* FISTimerForNewBUITests.xctest */,
			);
			name = Products;
			sourceTree = "<group>";
		};
		62CB71AB1BD72CF7002072D3 /* FISTimerForNewB */ = {
			isa = PBXGroup;
			children = (
				62CB71AF1BD72CF7002072D3 /* AppDelegate.h */,
				62CB71B01BD72CF7002072D3 /* AppDelegate.m */,
				62CB71B21BD72CF7002072D3 /* ViewController.h */,
				62CB71B31BD72CF7002072D3 /* ViewController.m */,
				62CB71B51BD72CF7002072D3 /* Main.storyboard */,
				62CB71B81BD72CF7002072D3 /* Assets.xcassets */,
				62CB71BA1BD72CF7002072D3 /* LaunchScreen.storyboard */,
				62CB71BD1BD72CF7002072D3 /* Info.plist */,
				62CB71AC1BD72CF7002072D3 /* Supporting Files */,
			);
			path = FISTimerForNewB;
			sourceTree = "<group>";
		};
		62CB71AC1BD72CF7002072D3 /* Supporting Files */ = {
			isa = PBXGroup;
			children = (
				62CB71AD1BD72CF7002072D3 /* main.m */,
			);
			name = "Supporting Files";
			sourceTree = "<group>";
		};
		62CB71C51BD72CF7002072D3 /* FISTimerForNewBTests */ = {
			isa = PBXGroup;
			children = (
				62CB71C61BD72CF7002072D3 /* FISTimerForNewBTests.m */,
				62CB71C81BD72CF7002072D3 /* Info.plist */,
			);
			path = FISTimerForNewBTests;
			sourceTree = "<group>";
		};
		62CB71D01BD72CF7002072D3 /* FISTimerForNewBUITests */ = {
			isa = PBXGroup;
			children = (
				62CB71D11BD72CF7002072D3 /* FISTimerForNewBUITests.m */,
				62CB71D31BD72CF7002072D3 /* Info.plist */,
			);
			path = FISTimerForNewBUITests;
			sourceTree = "<group>";
		};
/* End PBXGroup section */

/* Begin PBXNativeTarget section */
		62CB71A81BD72CF7002072D3 /* FISTimerForNewB */ = {
			isa = PBXNativeTarget;
			buildConfigurationList = 62CB71D61BD72CF7002072D3 /* Build configuration list for PBXNativeTarget "FISTimerForNewB" */;
			buildPhases = (
				62CB71A51BD72CF7002072D3 /* Sources */,
				62CB71A61BD72CF7002072D3 /* Frameworks */,
				62CB71A71BD72CF7002072D3 /* Resources */,
			);
			buildRules = (
			);
			dependencies = (
			);
			name = FISTimerForNewB;
			productName = FISTimerForNewB;
			productReference = 62CB71A91BD72CF7002072D3 /* FISTimerForNewB.app */;
			productType = "com.apple.product-type.application";
		};
		62CB71C11BD72CF7002072D3 /* FISTimerForNewBTests */ = {
			isa = PBXNativeTarget;
			buildConfigurationList = 62CB71D91BD72CF7002072D3 /* Build configuration list for PBXNativeTarget "FISTimerForNewBTests" */;
			buildPhases = (
				62CB71BE1BD72CF7002072D3 /* Sources */,
				62CB71BF1BD72CF7002072D3 /* Frameworks */,
				62CB71C01BD72CF7002072D3 /* Resources */,
			);
			buildRules = (
			);
			dependencies = (
				62CB71C41BD72CF7002072D3 /* PBXTargetDependency */,
			);
			name = FISTimerForNewBTests;
			productName = FISTimerForNewBTests;
			productReference = 62CB71C21BD72CF7002072D3 /* FISTimerForNewBTests.xctest */;
			productType = "com.apple.product-type.bundle.unit-test";
		};
		62CB71CC1BD72CF7002072D3 /* FISTimerForNewBUITests */ = {
			isa = PBXNativeTarget;
			buildConfigurationList = 62CB71DC1BD72CF7002072D3 /* Build configuration list for PBXNativeTarget "FISTimerForNewBUITests" */;
			buildPhases = (
				62CB71C91BD72CF7002072D3 /* Sources */,
				62CB71CA1BD72CF7002072D3 /* Frameworks */,
				62CB71CB1BD72CF7002072D3 /* Resources */,
			);
			buildRules = (
			);
			dependencies = (
				62CB71CF1BD72CF7002072D3 /* PBXTargetDependency */,
			);
			name = FISTimerForNewBUITests;
			productName = FISTimerForNewBUITests;
			productReference = 62CB71CD1BD72CF7002072D3 /* FISTimerForNewBUITests.xctest */;
			productType = "com.apple.product-type.bundle.ui-testing";
		};
/* End PBXNativeTarget section */

/* Begin PBXProject section */
		62CB71A11BD72CF6002072D3 /* Project object */ = {
			isa = PBXProject;
			attributes = {
				LastUpgradeCheck = 0700;
				ORGANIZATIONNAME = Guang;
				TargetAttributes = {
					62CB71A81BD72CF7002072D3 = {
						CreatedOnToolsVersion = 7.0.1;
					};
					62CB71C11BD72CF7002072D3 = {
						CreatedOnToolsVersion = 7.0.1;
						TestTargetID = 62CB71A81BD72CF7002072D3;
					};
					62CB71CC1BD72CF7002072D3 = {
						CreatedOnToolsVersion = 7.0.1;
						TestTargetID = 62CB71A81BD72CF7002072D3;
					};
				};
			};
			buildConfigurationList = 62CB71A41BD72CF6002072D3 /* Build configuration list for PBXProject "FISTimerForNewB" */;
			compatibilityVersion = "Xcode 3.2";
			developmentRegion = English;
			hasScannedForEncodings = 0;
			knownRegions = (
				en,
				Base,
			);
			mainGroup = 62CB71A01BD72CF6002072D3;
			productRefGroup = 62CB71AA1BD72CF7002072D3 /* Products */;
			projectDirPath = "";
			projectRoot = "";
			targets = (
				62CB71A81BD72CF7002072D3 /* FISTimerForNewB */,
				62CB71C11BD72CF7002072D3 /* FISTimerForNewBTests */,
				62CB71CC1BD72CF7002072D3 /* FISTimerForNewBUITests */,
			);
		};
/* End PBXProject section */

/* Begin PBXResourcesBuildPhase section */
		62CB71A71BD72CF7002072D3 /* Resources */ = {
			isa = PBXResourcesBuildPhase;
			buildActionMask = 2147483647;
			files = (
				62CB71BC1BD72CF7002072D3 /* LaunchScreen.storyboard in Resources */,
				62CB71B91BD72CF7002072D3 /* Assets.xcassets in Resources */,
				62CB71B71BD72CF7002072D3 /* Main.storyboard in Resources */,
			);
			runOnlyForDeploymentPostprocessing = 0;
		};
		62CB71C01BD72CF7002072D3 /* Resources */ = {
			isa = PBXResourcesBuildPhase;
			buildActionMask = 2147483647;
			files = (
			);
			runOnlyForDeploymentPostprocessing = 0;
		};
		62CB71CB1BD72CF7002072D3 /* Resources */ = {
			isa = PBXResourcesBuildPhase;
			buildActionMask = 2147483647;
			files = (
			);
			runOnlyForDeploymentPostprocessing = 0;
		};
/* End PBXResourcesBuildPhase section */

/* Begin PBXSourcesBuildPhase section */
		62CB71A51BD72CF7002072D3 /* Sources */ = {
			isa = PBXSourcesBuildPhase;
			buildActionMask = 2147483647;
			files = (
				62CB71B41BD72CF7002072D3 /* ViewController.m in Sources */,
				62CB71B11BD72CF7002072D3 /* AppDelegate.m in Sources */,
				62CB71AE1BD72CF7002072D3 /* main.m in Sources */,
			);
			runOnlyForDeploymentPostprocessing = 0;
		};
		62CB71BE1BD72CF7002072D3 /* Sources */ = {
			isa = PBXSourcesBuildPhase;
			buildActionMask = 2147483647;
			files = (
				62CB71C71BD72CF7002072D3 /* FISTimerForNewBTests.m in Sources */,
			);
			runOnlyForDeploymentPostprocessing = 0;
		};
		62CB71C91BD72CF7002072D3 /* Sources */ = {
			isa = PBXSourcesBuildPhase;
			buildActionMask = 2147483647;
			files = (
				62CB71D21BD72CF7002072D3 /* FISTimerForNewBUITests.m in Sources */,
			);
			runOnlyForDeploymentPostprocessing = 0;
		};
/* End PBXSourcesBuildPhase section */

/* Begin PBXTargetDependency section */
		62CB71C41BD72CF7002072D3 /* PBXTargetDependency */ = {
			isa = PBXTargetDependency;
			target = 62CB71A81BD72CF7002072D3 /* FISTimerForNewB */;
			targetProxy = 62CB71C31BD72CF7002072D3 /* PBXContainerItemProxy */;
		};
		62CB71CF1BD72CF7002072D3 /* PBXTargetDependency */ = {
			isa = PBXTargetDependency;
			target = 62CB71A81BD72CF7002072D3 /* FISTimerForNewB */;
			targetProxy = 62CB71CE1BD72CF7002072D3 /* PBXContainerItemProxy */;
		};
/* End PBXTargetDependency section */

/* Begin PBXVariantGroup section */
		62CB71B51BD72CF7002072D3 /* Main.storyboard */ = {
			isa = PBXVariantGroup;
			children = (
				62CB71B61BD72CF7002072D3 /* Base */,
			);
			name = Main.storyboard;
			sourceTree = "<group>";
		};
		62CB71BA1BD72CF7002072D3 /* LaunchScreen.storyboard */ = {
			isa = PBXVariantGroup;
			children = (
				62CB71BB1BD72CF7002072D3 /* Base */,
			);
			name = LaunchScreen.storyboard;
			sourceTree = "<group>";
		};
/* End PBXVariantGroup section */

/* Begin XCBuildConfiguration section */
		62CB71D41BD72CF7002072D3 /* Debug */ = {
			isa = XCBuildConfiguration;
			buildSettings = {
				ALWAYS_SEARCH_USER_PATHS = NO;
				CLANG_CXX_LANGUAGE_STANDARD = "gnu++0x";
				CLANG_CXX_LIBRARY = "libc++";
				CLANG_ENABLE_MODULES = YES;
				CLANG_ENABLE_OBJC_ARC = YES;
				CLANG_WARN_BOOL_CONVERSION = YES;
				CLANG_WARN_CONSTANT_CONVERSION = YES;
				CLANG_WARN_DIRECT_OBJC_ISA_USAGE = YES_ERROR;
				CLANG_WARN_EMPTY_BODY = YES;
				CLANG_WARN_ENUM_CONVERSION = YES;
				CLANG_WARN_INT_CONVERSION = YES;
				CLANG_WARN_OBJC_ROOT_CLASS = YES_ERROR;
				CLANG_WARN_UNREACHABLE_CODE = YES;
				CLANG_WARN__DUPLICATE_METHOD_MATCH = YES;
				"CODE_SIGN_IDENTITY[sdk=iphoneos*]" = "iPhone Developer";
				COPY_PHASE_STRIP = NO;
				DEBUG_INFORMATION_FORMAT = dwarf;
				ENABLE_STRICT_OBJC_MSGSEND = YES;
				ENABLE_TESTABILITY = YES;
				GCC_C_LANGUAGE_STANDARD = gnu99;
				GCC_DYNAMIC_NO_PIC = NO;
				GCC_NO_COMMON_BLOCKS = YES;
				GCC_OPTIMIZATION_LEVEL = 0;
				GCC_PREPROCESSOR_DEFINITIONS = (
					"DEBUG=1",
					"$(inherited)",
				);
				GCC_WARN_64_TO_32_BIT_CONVERSION = YES;
				GCC_WARN_ABOUT_RETURN_TYPE = YES_ERROR;
				GCC_WARN_UNDECLARED_SELECTOR = YES;
				GCC_WARN_UNINITIALIZED_AUTOS = YES_AGGRESSIVE;
				GCC_WARN_UNUSED_FUNCTION = YES;
				GCC_WARN_UNUSED_VARIABLE = YES;
				IPHONEOS_DEPLOYMENT_TARGET = 9.0;
				MTL_ENABLE_DEBUG_INFO = YES;
				ONLY_ACTIVE_ARCH = YES;
				SDKROOT = iphoneos;
				TARGETED_DEVICE_FAMILY = "1,2";
			};
			name = Debug;
		};
		62CB71D51BD72CF7002072D3 /* Release */ = {
			isa = XCBuildConfiguration;
			buildSettings = {
				ALWAYS_SEARCH_USER_PATHS = NO;
				CLANG_CXX_LANGUAGE_STANDARD = "gnu++0x";
				CLANG_CXX_LIBRARY = "libc++";
				CLANG_ENABLE_MODULES = YES;
				CLANG_ENABLE_OBJC_ARC = YES;
				CLANG_WARN_BOOL_CONVERSION = YES;
				CLANG_WARN_CONSTANT_CONVERSION = YES;
				CLANG_WARN_DIRECT_OBJC_ISA_USAGE = YES_ERROR;
				CLANG_WARN_EMPTY_BODY = YES;
				CLANG_WARN_ENUM_CONVERSION = YES;
				CLANG_WARN_INT_CONVERSION = YES;
				CLANG_WARN_OBJC_ROOT_CLASS = YES_ERROR;
				CLANG_WARN_UNREACHABLE_CODE = YES;
				CLANG_WARN__DUPLICATE_METHOD_MATCH = YES;
				"CODE_SIGN_IDENTITY[sdk=iphoneos*]" = "iPhone Developer";
				COPY_PHASE_STRIP = NO;
				DEBUG_INFORMATION_FORMAT = "dwarf-with-dsym";
				ENABLE_NS_ASSERTIONS = NO;
				ENABLE_STRICT_OBJC_MSGSEND = YES;
				GCC_C_LANGUAGE_STANDARD = gnu99;
				GCC_NO_COMMON_BLOCKS = YES;
				GCC_WARN_64_TO_32_BIT_CONVERSION = YES;
				GCC_WARN_ABOUT_RETURN_TYPE = YES_ERROR;
				GCC_WARN_UNDECLARED_SELECTOR = YES;
				GCC_WARN_UNINITIALIZED_AUTOS = YES_AGGRESSIVE;
				GCC_WARN_UNUSED_FUNCTION = YES;
				GCC_WARN_UNUSED_VARIABLE = YES;
				IPHONEOS_DEPLOYMENT_TARGET = 9.0;
				MTL_ENABLE_DEBUG_INFO = NO;
				SDKROOT = iphoneos;
				TARGETED_DEVICE_FAMILY = "1,2";
				VALIDATE_PRODUCT = YES;
			};
			name = Release;
		};
		62CB71D71BD72CF7002072D3 /* Debug */ = {
			isa = XCBuildConfiguration;
			buildSettings = {
				ASSETCATALOG_COMPILER_APPICON_NAME = AppIcon;
				INFOPLIST_FILE = FISTimerForNewB/Info.plist;
				LD_RUNPATH_SEARCH_PATHS = "$(inherited) @executable_path/Frameworks";
				PRODUCT_BUNDLE_IDENTIFIER = waterBB.FISTimerForNewB;
				PRODUCT_NAME = "$(TARGET_NAME)";
			};
			name = Debug;
		};
		62CB71D81BD72CF7002072D3 /* Release */ = {
			isa = XCBuildConfiguration;
			buildSettings = {
				ASSETCATALOG_COMPILER_APPICON_NAME = AppIcon;
				INFOPLIST_FILE = FISTimerForNewB/Info.plist;
				LD_RUNPATH_SEARCH_PATHS = "$(inherited) @executable_path/Frameworks";
				PRODUCT_BUNDLE_IDENTIFIER = waterBB.FISTimerForNewB;
				PRODUCT_NAME = "$(TARGET_NAME)";
			};
			name = Release;
		};
		62CB71DA1BD72CF7002072D3 /* Debug */ = {
			isa = XCBuildConfiguration;
			buildSettings = {
				BUNDLE_LOADER = "$(TEST_HOST)";
				INFOPLIST_FILE = FISTimerForNewBTests/Info.plist;
				LD_RUNPATH_SEARCH_PATHS = "$(inherited) @executable_path/Frameworks @loader_path/Frameworks";
				PRODUCT_BUNDLE_IDENTIFIER = waterBB.FISTimerForNewBTests;
				PRODUCT_NAME = "$(TARGET_NAME)";
				TEST_HOST = "$(BUILT_PRODUCTS_DIR)/FISTimerForNewB.app/FISTimerForNewB";
			};
			name = Debug;
		};
		62CB71DB1BD72CF7002072D3 /* Release */ = {
			isa = XCBuildConfiguration;
			buildSettings = {
				BUNDLE_LOADER = "$(TEST_HOST)";
				INFOPLIST_FILE = FISTimerForNewBTests/Info.plist;
				LD_RUNPATH_SEARCH_PATHS = "$(inherited) @executable_path/Frameworks @loader_path/Frameworks";
				PRODUCT_BUNDLE_IDENTIFIER = waterBB.FISTimerForNewBTests;
				PRODUCT_NAME = "$(TARGET_NAME)";
				TEST_HOST = "$(BUILT_PRODUCTS_DIR)/FISTimerForNewB.app/FISTimerForNewB";
			};
			name = Release;
		};
		62CB71DD1BD72CF7002072D3 /* Debug */ = {
			isa = XCBuildConfiguration;
			buildSettings = {
				INFOPLIST_FILE = FISTimerForNewBUITests/Info.plist;
				LD_RUNPATH_SEARCH_PATHS = "$(inherited) @executable_path/Frameworks @loader_path/Frameworks";
				PRODUCT_BUNDLE_IDENTIFIER = waterBB.FISTimerForNewBUITests;
				PRODUCT_NAME = "$(TARGET_NAME)";
				TEST_TARGET_NAME = FISTimerForNewB;
				USES_XCTRUNNER = YES;
			};
			name = Debug;
		};
		62CB71DE1BD72CF7002072D3 /* Release */ = {
			isa = XCBuildConfiguration;
			buildSettings = {
				INFOPLIST_FILE = FISTimerForNewBUITests/Info.plist;
				LD_RUNPATH_SEARCH_PATHS = "$(inherited) @executable_path/Frameworks @loader_path/Frameworks";
				PRODUCT_BUNDLE_IDENTIFIER = waterBB.FISTimerForNewBUITests;
				PRODUCT_NAME = "$(TARGET_NAME)";
				TEST_TARGET_NAME = FISTimerForNewB;
				USES_XCTRUNNER = YES;
			};
			name = Release;
		};
/* End XCBuildConfiguration section */

/* Begin XCConfigurationList section */
		62CB71A41BD72CF6002072D3 /* Build configuration list for PBXProject "FISTimerForNewB" */ = {
			isa = XCConfigurationList;
			buildConfigurations = (
				62CB71D41BD72CF7002072D3 /* Debug */,
				62CB71D51BD72CF7002072D3 /* Release */,
			);
			defaultConfigurationIsVisible = 0;
			defaultConfigurationName = Release;
		};
		62CB71D61BD72CF7002072D3 /* Build configuration list for PBXNativeTarget "FISTimerForNewB" */ = {
			isa = XCConfigurationList;
			buildConfigurations = (
				62CB71D71BD72CF7002072D3 /* Debug */,
				62CB71D81BD72CF7002072D3 /* Release */,
			);
			defaultConfigurationIsVisible = 0;
		};
		62CB71D91BD72CF7002072D3 /* Build configuration list for PBXNativeTarget "FISTimerForNewBTests" */ = {
			isa = XCConfigurationList;
			buildConfigurations = (
				62CB71DA1BD72CF7002072D3 /* Debug */,
				62CB71DB1BD72CF7002072D3 /* Release */,
			);
			defaultConfigurationIsVisible = 0;
		};
		62CB71DC1BD72CF7002072D3 /* Build configuration list for PBXNativeTarget "FISTimerForNewBUITests" */ = {
			isa = XCConfigurationList;
			buildConfigurations = (
				62CB71DD1BD72CF7002072D3 /* Debug */,
				62CB71DE1BD72CF7002072D3 /* Release */,
			);
			defaultConfigurationIsVisible = 0;
		};
/* End XCConfigurationList section */
	};
	rootObject = 62CB71A11BD72CF6002072D3 /* Project object */;
}
